
Microsoft Visual Studio Solution File, Format Version 12.00
# Visual Studio Version 16
VisualStudioVersion = 16.0.29503.13
MinimumVisualStudioVersion = 10.0.40219.1
Project("{FAE04EC0-301F-11D3-BF4B-00C04F79EFBC}") = "BillingSystem", "BillingSystem\BillingSystem.csproj", "{B1B7FF31-EC19-4CEC-B9E1-1A0D445AE7C5}"
EndProject
Project("{FAE04EC0-301F-11D3-BF4B-00C04F79EFBC}") = "TelephoneExchangeSystem", "TelephoneExchangeSystem\TelephoneExchangeSystem.csproj", "{7DF19945-C3C4-441A-9296-A035CB80D12B}"
EndProject
Global
	GlobalSection(SolutionConfigurationPlatforms) = preSolution
		Debug|Any CPU = Debug|Any CPU
		Release|Any CPU = Release|Any CPU
	EndGlobalSection
	GlobalSection(ProjectConfigurationPlatforms) = postSolution
		{B1B7FF31-EC19-4CEC-B9E1-1A0D445AE7C5}.Debug|Any CPU.ActiveCfg = Debug|Any CPU
		{B1B7FF31-EC19-4CEC-B9E1-1A0D445AE7C5}.Debug|Any CPU.Build.0 = Debug|Any CPU
		{B1B7FF31-EC19-4CEC-B9E1-1A0D445AE7C5}.Release|Any CPU.ActiveCfg = Release|Any CPU
		{B1B7FF31-EC19-4CEC-B9E1-1A0D445AE7C5}.Release|Any CPU.Build.0 = Release|Any CPU
		{7DF19945-C3C4-441A-9296-A035CB80D12B}.Debug|Any CPU.ActiveCfg = Debug|Any CPU
		{7DF19945-C3C4-441A-9296-A035CB80D12B}.Debug|Any CPU.Build.0 = Debug|Any CPU
		{7DF19945-C3C4-441A-9296-A035CB80D12B}.Release|Any CPU.ActiveCfg = Release|Any CPU
		{7DF19945-C3C4-441A-9296-A035CB80D12B}.Release|Any CPU.Build.0 = Release|Any CPU
	EndGlobalSection
	GlobalSection(SolutionProperties) = preSolution
		HideSolutionNode = FALSE
	EndGlobalSection
	GlobalSection(ExtensibilityGlobals) = postSolution
		SolutionGuid = {D25C077F-C436-4283-8ACB-20EFEC5C599A}
	EndGlobalSection
EndGlobal
